
Microsoft Visual Studio Solution File, Format Version 12.00
# Visual Studio Version 17
VisualStudioVersion = 17.0.31903.59
MinimumVisualStudioVersion = 10.0.40219.1
Project("{2150E333-8FDC-42A3-9474-1A3956D46DE8}") = "src", "src", "{827E0CD3-B72D-47B6-A68D-7590B98EB39B}"
EndProject
Project("{FAE04EC0-301F-11D3-BF4B-00C04F79EFBC}") = "PokemonGreen.SwitchToolboxCli.App", "src\PokemonGreen.SwitchToolboxCli.App\PokemonGreen.SwitchToolboxCli.App.csproj", "{4CA4B76C-BE21-403F-8ECF-217B7C8149A6}"
EndProject
Project("{FAE04EC0-301F-11D3-BF4B-00C04F79EFBC}") = "PokemonGreen.SwitchToolboxCli.Core", "src\PokemonGreen.SwitchToolboxCli.Core\PokemonGreen.SwitchToolboxCli.Core.csproj", "{A559A6E1-6F6E-4CAF-9BFA-FDC92DF65E4F}"
EndProject
Project("{FAE04EC0-301F-11D3-BF4B-00C04F79EFBC}") = "PokemonGreen.SwitchToolboxCli.Formats", "src\PokemonGreen.SwitchToolboxCli.Formats\PokemonGreen.SwitchToolboxCli.Formats.csproj", "{F86173D0-530F-4CA4-81C7-92CA6B43AAC2}"
EndProject
Project("{FAE04EC0-301F-11D3-BF4B-00C04F79EFBC}") = "PokemonGreen.SwitchToolboxCli.Tests", "tests\PokemonGreen.SwitchToolboxCli.Tests\PokemonGreen.SwitchToolboxCli.Tests.csproj", "{ADD3BC49-C7A2-4C03-B109-6A287100ED94}"
EndProject
Global
	GlobalSection(SolutionConfigurationPlatforms) = preSolution
		Debug|Any CPU = Debug|Any CPU
		Debug|x64 = Debug|x64
		Debug|x86 = Debug|x86
		Release|Any CPU = Release|Any CPU
		Release|x64 = Release|x64
		Release|x86 = Release|x86
	EndGlobalSection
	GlobalSection(ProjectConfigurationPlatforms) = postSolution
		{4CA4B76C-BE21-403F-8ECF-217B7C8149A6}.Debug|Any CPU.ActiveCfg = Debug|Any CPU
		{4CA4B76C-BE21-403F-8ECF-217B7C8149A6}.Debug|Any CPU.Build.0 = Debug|Any CPU
		{4CA4B76C-BE21-403F-8ECF-217B7C8149A6}.Debug|x64.ActiveCfg = Debug|Any CPU
		{4CA4B76C-BE21-403F-8ECF-217B7C8149A6}.Debug|x64.Build.0 = Debug|Any CPU
		{4CA4B76C-BE21-403F-8ECF-217B7C8149A6}.Debug|x86.ActiveCfg = Debug|Any CPU
		{4CA4B76C-BE21-403F-8ECF-217B7C8149A6}.Debug|x86.Build.0 = Debug|Any CPU
		{4CA4B76C-BE21-403F-8ECF-217B7C8149A6}.Release|Any CPU.ActiveCfg = Release|Any CPU
		{4CA4B76C-BE21-403F-8ECF-217B7C8149A6}.Release|Any CPU.Build.0 = Release|Any CPU
		{4CA4B76C-BE21-403F-8ECF-217B7C8149A6}.Release|x64.ActiveCfg = Release|Any CPU
		{4CA4B76C-BE21-403F-8ECF-217B7C8149A6}.Release|x64.Build.0 = Release|Any CPU
		{4CA4B76C-BE21-403F-8ECF-217B7C8149A6}.Release|x86.ActiveCfg = Release|Any CPU
		{4CA4B76C-BE21-403F-8ECF-217B7C8149A6}.Release|x86.Build.0 = Release|Any CPU
		{A559A6E1-6F6E-4CAF-9BFA-FDC92DF65E4F}.Debug|Any CPU.ActiveCfg = Debug|Any CPU
		{A559A6E1-6F6E-4CAF-9BFA-FDC92DF65E4F}.Debug|Any CPU.Build.0 = Debug|Any CPU
		{A559A6E1-6F6E-4CAF-9BFA-FDC92DF65E4F}.Debug|x64.ActiveCfg = Debug|Any CPU
		{A559A6E1-6F6E-4CAF-9BFA-FDC92DF65E4F}.Debug|x64.Build.0 = Debug|Any CPU
		{A559A6E1-6F6E-4CAF-9BFA-FDC92DF65E4F}.Debug|x86.ActiveCfg = Debug|Any CPU
		{A559A6E1-6F6E-4CAF-9BFA-FDC92DF65E4F}.Debug|x86.Build.0 = Debug|Any CPU
		{A559A6E1-6F6E-4CAF-9BFA-FDC92DF65E4F}.Release|Any CPU.ActiveCfg = Release|Any CPU
		{A559A6E1-6F6E-4CAF-9BFA-FDC92DF65E4F}.Release|Any CPU.Build.0 = Release|Any CPU
		{A559A6E1-6F6E-4CAF-9BFA-FDC92DF65E4F}.Release|x64.ActiveCfg = Release|Any CPU
		{A559A6E1-6F6E-4CAF-9BFA-FDC92DF65E4F}.Release|x64.Build.0 = Release|Any CPU
		{A559A6E1-6F6E-4CAF-9BFA-FDC92DF65E4F}.Release|x86.ActiveCfg = Release|Any CPU
		{A559A6E1-6F6E-4CAF-9BFA-FDC92DF65E4F}.Release|x86.Build.0 = Release|Any CPU
		{F86173D0-530F-4CA4-81C7-92CA6B43AAC2}.Debug|Any CPU.ActiveCfg = Debug|Any CPU
		{F86173D0-530F-4CA4-81C7-92CA6B43AAC2}.Debug|Any CPU.Build.0 = Debug|Any CPU
		{F86173D0-530F-4CA4-81C7-92CA6B43AAC2}.Debug|x64.ActiveCfg = Debug|Any CPU
		{F86173D0-530F-4CA4-81C7-92CA6B43AAC2}.Debug|x64.Build.0 = Debug|Any CPU
		{F86173D0-530F-4CA4-81C7-92CA6B43AAC2}.Debug|x86.ActiveCfg = Debug|Any CPU
		{F86173D0-530F-4CA4-81C7-92CA6B43AAC2}.Debug|x86.Build.0 = Debug|Any CPU
		{F86173D0-530F-4CA4-81C7-92CA6B43AAC2}.Release|Any CPU.ActiveCfg = Release|Any CPU
		{F86173D0-530F-4CA4-81C7-92CA6B43AAC2}.Release|Any CPU.Build.0 = Release|Any CPU
		{F86173D0-530F-4CA4-81C7-92CA6B43AAC2}.Release|x64.ActiveCfg = Release|Any CPU
		{F86173D0-530F-4CA4-81C7-92CA6B43AAC2}.Release|x64.Build.0 = Release|Any CPU
		{F86173D0-530F-4CA4-81C7-92CA6B43AAC2}.Release|x86.ActiveCfg = Release|Any CPU
		{F86173D0-530F-4CA4-81C7-92CA6B43AAC2}.Release|x86.Build.0 = Release|Any CPU
		{ADD3BC49-C7A2-4C03-B109-6A287100ED94}.Debug|Any CPU.ActiveCfg = Debug|Any CPU
		{ADD3BC49-C7A2-4C03-B109-6A287100ED94}.Debug|Any CPU.Build.0 = Debug|Any CPU
		{ADD3BC49-C7A2-4C03-B109-6A287100ED94}.Debug|x64.ActiveCfg = Debug|Any CPU
		{ADD3BC49-C7A2-4C03-B109-6A287100ED94}.Debug|x64.Build.0 = Debug|Any CPU
		{ADD3BC49-C7A2-4C03-B109-6A287100ED94}.Debug|x86.ActiveCfg = Debug|Any CPU
		{ADD3BC49-C7A2-4C03-B109-6A287100ED94}.Debug|x86.Build.0 = Debug|Any CPU
		{ADD3BC49-C7A2-4C03-B109-6A287100ED94}.Release|Any CPU.ActiveCfg = Release|Any CPU
		{ADD3BC49-C7A2-4C03-B109-6A287100ED94}.Release|Any CPU.Build.0 = Release|Any CPU
		{ADD3BC49-C7A2-4C03-B109-6A287100ED94}.Release|x64.ActiveCfg = Release|Any CPU
		{ADD3BC49-C7A2-4C03-B109-6A287100ED94}.Release|x64.Build.0 = Release|Any CPU
		{ADD3BC49-C7A2-4C03-B109-6A287100ED94}.Release|x86.ActiveCfg = Release|Any CPU
		{ADD3BC49-C7A2-4C03-B109-6A287100ED94}.Release|x86.Build.0 = Release|Any CPU
	EndGlobalSection
	GlobalSection(SolutionProperties) = preSolution
		HideSolutionNode = FALSE
	EndGlobalSection
	GlobalSection(NestedProjects) = preSolution
		{4CA4B76C-BE21-403F-8ECF-217B7C8149A6} = {827E0CD3-B72D-47B6-A68D-7590B98EB39B}
		{A559A6E1-6F6E-4CAF-9BFA-FDC92DF65E4F} = {827E0CD3-B72D-47B6-A68D-7590B98EB39B}
		{F86173D0-530F-4CA4-81C7-92CA6B43AAC2} = {827E0CD3-B72D-47B6-A68D-7590B98EB39B}
		{ADD3BC49-C7A2-4C03-B109-6A287100ED94} = {827E0CD3-B72D-47B6-A68D-7590B98EB39B}
	EndGlobalSection
EndGlobal
